
Microsoft Visual Studio Solution File, Format Version 12.00
# Visual Studio 15
VisualStudioVersion = 15.0.28010.2050
MinimumVisualStudioVersion = 10.0.40219.1
Project("{9A19103F-16F7-4668-BE54-9A1E7A4F7556}") = "EncryptedArray", "EncryptedArray\EncryptedArray.csproj", "{FA053399-90CA-49A5-BE1D-AD6A104D7AD4}"
EndProject
Project("{9A19103F-16F7-4668-BE54-9A1E7A4F7556}") = "SecureArray", "SecureArray\SecureArray.csproj", "{5C37A41D-BA30-4B83-862C-639A2D27990D}"
EndProject
Project("{9A19103F-16F7-4668-BE54-9A1E7A4F7556}") = "SecureStringHelper", "SecureStringHelper\SecureStringHelper.csproj", "{CF2DE11A-3941-4412-BBC2-95D6E975F463}"
EndProject
Project("{FAE04EC0-301F-11D3-BF4B-00C04F79EFBC}") = "ConversionTests", "ConversionTests\ConversionTests.csproj", "{C2ABE7F1-A193-4F3B-B9E7-6DCFEE98B254}"
EndProject
Global
	GlobalSection(SolutionConfigurationPlatforms) = preSolution
		Debug|Any CPU = Debug|Any CPU
		Release|Any CPU = Release|Any CPU
	EndGlobalSection
	GlobalSection(ProjectConfigurationPlatforms) = postSolution
		{FA053399-90CA-49A5-BE1D-AD6A104D7AD4}.Debug|Any CPU.ActiveCfg = Debug|Any CPU
		{FA053399-90CA-49A5-BE1D-AD6A104D7AD4}.Debug|Any CPU.Build.0 = Debug|Any CPU
		{FA053399-90CA-49A5-BE1D-AD6A104D7AD4}.Release|Any CPU.ActiveCfg = Release|Any CPU
		{FA053399-90CA-49A5-BE1D-AD6A104D7AD4}.Release|Any CPU.Build.0 = Release|Any CPU
		{5C37A41D-BA30-4B83-862C-639A2D27990D}.Debug|Any CPU.ActiveCfg = Debug|Any CPU
		{5C37A41D-BA30-4B83-862C-639A2D27990D}.Debug|Any CPU.Build.0 = Debug|Any CPU
		{5C37A41D-BA30-4B83-862C-639A2D27990D}.Release|Any CPU.ActiveCfg = Release|Any CPU
		{5C37A41D-BA30-4B83-862C-639A2D27990D}.Release|Any CPU.Build.0 = Release|Any CPU
		{CF2DE11A-3941-4412-BBC2-95D6E975F463}.Debug|Any CPU.ActiveCfg = Debug|Any CPU
		{CF2DE11A-3941-4412-BBC2-95D6E975F463}.Debug|Any CPU.Build.0 = Debug|Any CPU
		{CF2DE11A-3941-4412-BBC2-95D6E975F463}.Release|Any CPU.ActiveCfg = Release|Any CPU
		{CF2DE11A-3941-4412-BBC2-95D6E975F463}.Release|Any CPU.Build.0 = Release|Any CPU
		{C2ABE7F1-A193-4F3B-B9E7-6DCFEE98B254}.Debug|Any CPU.ActiveCfg = Debug|Any CPU
		{C2ABE7F1-A193-4F3B-B9E7-6DCFEE98B254}.Debug|Any CPU.Build.0 = Debug|Any CPU
		{C2ABE7F1-A193-4F3B-B9E7-6DCFEE98B254}.Release|Any CPU.ActiveCfg = Release|Any CPU
		{C2ABE7F1-A193-4F3B-B9E7-6DCFEE98B254}.Release|Any CPU.Build.0 = Release|Any CPU
	EndGlobalSection
	GlobalSection(SolutionProperties) = preSolution
		HideSolutionNode = FALSE
	EndGlobalSection
	GlobalSection(ExtensibilityGlobals) = postSolution
		SolutionGuid = {33513677-E12A-4D1E-9469-92F91A9EF20B}
	EndGlobalSection
EndGlobal
